
Microsoft Visual Studio Solution File, Format Version 12.00
# Visual Studio 14
VisualStudioVersion = 14.0.25420.1
MinimumVisualStudioVersion = 10.0.40219.1
Project("{FAE04EC0-301F-11D3-BF4B-00C04F79EFBC}") = "ita-chsharp-training", "ita-chsharp-training.csproj", "{1FD5B032-213B-4EE8-848C-82A000E39F50}"
EndProject
Project("{FAE04EC0-301F-11D3-BF4B-00C04F79EFBC}") = "ita-chsharp-training-tests", "ite-chsharp-training-tests\ita-chsharp-training-tests.csproj", "{675A4B53-F45C-4ADB-A8AD-A48D9C5E483E}"
EndProject
Project("{FAE04EC0-301F-11D3-BF4B-00C04F79EFBC}") = "ConsoleApplication1", "ConsoleApplication1\ConsoleApplication1.csproj", "{DBBF8930-3FAB-4053-ADE2-B8904CD67DFA}"
EndProject
Global
	GlobalSection(SolutionConfigurationPlatforms) = preSolution
		Debug|Any CPU = Debug|Any CPU
		Release|Any CPU = Release|Any CPU
	EndGlobalSection
	GlobalSection(ProjectConfigurationPlatforms) = postSolution
		{1FD5B032-213B-4EE8-848C-82A000E39F50}.Debug|Any CPU.ActiveCfg = Debug|Any CPU
		{1FD5B032-213B-4EE8-848C-82A000E39F50}.Debug|Any CPU.Build.0 = Debug|Any CPU
		{1FD5B032-213B-4EE8-848C-82A000E39F50}.Release|Any CPU.ActiveCfg = Release|Any CPU
		{1FD5B032-213B-4EE8-848C-82A000E39F50}.Release|Any CPU.Build.0 = Release|Any CPU
		{675A4B53-F45C-4ADB-A8AD-A48D9C5E483E}.Debug|Any CPU.ActiveCfg = Debug|Any CPU
		{675A4B53-F45C-4ADB-A8AD-A48D9C5E483E}.Debug|Any CPU.Build.0 = Debug|Any CPU
		{675A4B53-F45C-4ADB-A8AD-A48D9C5E483E}.Release|Any CPU.ActiveCfg = Release|Any CPU
		{675A4B53-F45C-4ADB-A8AD-A48D9C5E483E}.Release|Any CPU.Build.0 = Release|Any CPU
		{DBBF8930-3FAB-4053-ADE2-B8904CD67DFA}.Debug|Any CPU.ActiveCfg = Debug|Any CPU
		{DBBF8930-3FAB-4053-ADE2-B8904CD67DFA}.Debug|Any CPU.Build.0 = Debug|Any CPU
		{DBBF8930-3FAB-4053-ADE2-B8904CD67DFA}.Release|Any CPU.ActiveCfg = Release|Any CPU
		{DBBF8930-3FAB-4053-ADE2-B8904CD67DFA}.Release|Any CPU.Build.0 = Release|Any CPU
	EndGlobalSection
	GlobalSection(SolutionProperties) = preSolution
		HideSolutionNode = FALSE
	EndGlobalSection
EndGlobal
